
Microsoft Visual Studio Solution File, Format Version 12.00
# Visual Studio Version 17
VisualStudioVersion = 17.9.34902.65
MinimumVisualStudioVersion = 10.0.40219.1
Project("{FAE04EC0-301F-11D3-BF4B-00C04F79EFBC}") = "CsTUI", "CsTUI\CsTUI.csproj", "{CFDC5C60-CF0A-44B5-8981-E84122F45E9E}"
EndProject
Global
	GlobalSection(SolutionConfigurationPlatforms) = preSolution
		Debug|Any CPU = Debug|Any CPU
		Release|Any CPU = Release|Any CPU
	EndGlobalSection
	GlobalSection(ProjectConfigurationPlatforms) = postSolution
		{CFDC5C60-CF0A-44B5-8981-E84122F45E9E}.Debug|Any CPU.ActiveCfg = Debug|Any CPU
		{CFDC5C60-CF0A-44B5-8981-E84122F45E9E}.Debug|Any CPU.Build.0 = Debug|Any CPU
		{CFDC5C60-CF0A-44B5-8981-E84122F45E9E}.Release|Any CPU.ActiveCfg = Release|Any CPU
		{CFDC5C60-CF0A-44B5-8981-E84122F45E9E}.Release|Any CPU.Build.0 = Release|Any CPU
	EndGlobalSection
	GlobalSection(SolutionProperties) = preSolution
		HideSolutionNode = FALSE
	EndGlobalSection
	GlobalSection(ExtensibilityGlobals) = postSolution
		SolutionGuid = {0D12677E-3601-460F-BD4F-F093FDFC0A9F}
	EndGlobalSection
EndGlobal
